
Microsoft Visual Studio Solution File, Format Version 12.00
# Visual Studio Version 17
VisualStudioVersion = 17.6.33829.357
MinimumVisualStudioVersion = 10.0.40219.1
Project("{FAE04EC0-301F-11D3-BF4B-00C04F79EFBC}") = "LibraryManagementSystem", "LibraryManagementSystem\LibraryManagementSystem.csproj", "{0DC53303-445A-4023-8FD2-FF5C960FE1AD}"
EndProject
Global
	GlobalSection(SolutionConfigurationPlatforms) = preSolution
		Debug|Any CPU = Debug|Any CPU
		Release|Any CPU = Release|Any CPU
	EndGlobalSection
	GlobalSection(ProjectConfigurationPlatforms) = postSolution
		{0DC53303-445A-4023-8FD2-FF5C960FE1AD}.Debug|Any CPU.ActiveCfg = Debug|Any CPU
		{0DC53303-445A-4023-8FD2-FF5C960FE1AD}.Debug|Any CPU.Build.0 = Debug|Any CPU
		{0DC53303-445A-4023-8FD2-FF5C960FE1AD}.Release|Any CPU.ActiveCfg = Release|Any CPU
		{0DC53303-445A-4023-8FD2-FF5C960FE1AD}.Release|Any CPU.Build.0 = Release|Any CPU
	EndGlobalSection
	GlobalSection(SolutionProperties) = preSolution
		HideSolutionNode = FALSE
	EndGlobalSection
	GlobalSection(ExtensibilityGlobals) = postSolution
		SolutionGuid = {0A4A57DB-ED69-4B96-87D5-22F9F2B7818A}
	EndGlobalSection
EndGlobal
